Microsoft Visual Studio Solution File, Format Version 12.00
# Visual Studio Version 17
VisualStudioVersion = 17.5.2.0
MinimumVisualStudioVersion = 10.0.40219.1
Project("{FAE04EC0-301F-11D3-BF4B-00C04F79EFBC}") = "FilmKatalogus.Api", "FilmKatalogus.Api\FilmKatalogus.Api.csproj", "{964A2D3B-F9F1-ABCA-6AD7-EF3794DD81EE}"
EndProject
Global
	GlobalSection(SolutionConfigurationPlatforms) = preSolution
		Debug|Any CPU = Debug|Any CPU
		Release|Any CPU = Release|Any CPU
	EndGlobalSection
	GlobalSection(ProjectConfigurationPlatforms) = postSolution
		{964A2D3B-F9F1-ABCA-6AD7-EF3794DD81EE}.Debug|Any CPU.ActiveCfg = Debug|Any CPU
		{964A2D3B-F9F1-ABCA-6AD7-EF3794DD81EE}.Debug|Any CPU.Build.0 = Debug|Any CPU
		{964A2D3B-F9F1-ABCA-6AD7-EF3794DD81EE}.Release|Any CPU.ActiveCfg = Release|Any CPU
		{964A2D3B-F9F1-ABCA-6AD7-EF3794DD81EE}.Release|Any CPU.Build.0 = Release|Any CPU
	EndGlobalSection
	GlobalSection(SolutionProperties) = preSolution
		HideSolutionNode = FALSE
	EndGlobalSection
	GlobalSection(ExtensibilityGlobals) = postSolution
		SolutionGuid = {0D66F71A-B475-4B7A-8C2B-1F827767B488}
	EndGlobalSection
EndGlobal
